
Microsoft Visual Studio Solution File, Format Version 12.00
# Visual Studio Version 17
VisualStudioVersion = 17.4.33110.190
MinimumVisualStudioVersion = 10.0.40219.1
Project("{9A19103F-16F7-4668-BE54-9A1E7A4F7556}") = "Emu8080", "Emu8080\Emu8080.csproj", "{53779C94-A7E9-49CA-849F-60BBA9B8CA4F}"
EndProject
Project("{9A19103F-16F7-4668-BE54-9A1E7A4F7556}") = "Emu8080Tests", "Emu8080Tests\Emu8080Tests.csproj", "{A505B0D5-646F-46DA-B190-DBC153BA6FA6}"
EndProject
Project("{9A19103F-16F7-4668-BE54-9A1E7A4F7556}") = "Emu8080Console", "Emu8080Console\Emu8080Console.csproj", "{502B6C9F-7349-43FE-B825-1867AB5875B6}"
EndProject
Project("{9A19103F-16F7-4668-BE54-9A1E7A4F7556}") = "Emu8080WinForms", "Emu8080WinForms\Emu8080WinForms.csproj", "{0A759509-1D9C-479E-81B7-02B8D5F45924}"
EndProject
Project("{FAE04EC0-301F-11D3-BF4B-00C04F79EFBC}") = "Emu8080XamarinForms.Android", "Emu8080XamarinForms\Emu8080XamarinForms.Android\Emu8080XamarinForms.Android.csproj", "{CE12A40A-A96B-4352-A6AF-27BB1E456363}"
EndProject
Project("{FAE04EC0-301F-11D3-BF4B-00C04F79EFBC}") = "Emu8080XamarinForms.iOS", "Emu8080XamarinForms\Emu8080XamarinForms.iOS\Emu8080XamarinForms.iOS.csproj", "{BCDB9299-0517-4474-92D7-EC79E616FE9F}"
EndProject
Project("{FAE04EC0-301F-11D3-BF4B-00C04F79EFBC}") = "Emu8080XamarinForms", "Emu8080XamarinForms\Emu8080XamarinForms\Emu8080XamarinForms.csproj", "{B4031E90-FEAA-4F07-9F35-05114F39ECFF}"
EndProject
Global
	GlobalSection(SolutionConfigurationPlatforms) = preSolution
		Debug|Any CPU = Debug|Any CPU
		Debug|iPhone = Debug|iPhone
		Debug|iPhoneSimulator = Debug|iPhoneSimulator
		Release|Any CPU = Release|Any CPU
		Release|iPhone = Release|iPhone
		Release|iPhoneSimulator = Release|iPhoneSimulator
	EndGlobalSection
	GlobalSection(ProjectConfigurationPlatforms) = postSolution
		{53779C94-A7E9-49CA-849F-60BBA9B8CA4F}.Debug|Any CPU.ActiveCfg = Debug|Any CPU
		{53779C94-A7E9-49CA-849F-60BBA9B8CA4F}.Debug|Any CPU.Build.0 = Debug|Any CPU
		{53779C94-A7E9-49CA-849F-60BBA9B8CA4F}.Debug|iPhone.ActiveCfg = Debug|Any CPU
		{53779C94-A7E9-49CA-849F-60BBA9B8CA4F}.Debug|iPhone.Build.0 = Debug|Any CPU
		{53779C94-A7E9-49CA-849F-60BBA9B8CA4F}.Debug|iPhoneSimulator.ActiveCfg = Debug|Any CPU
		{53779C94-A7E9-49CA-849F-60BBA9B8CA4F}.Debug|iPhoneSimulator.Build.0 = Debug|Any CPU
		{53779C94-A7E9-49CA-849F-60BBA9B8CA4F}.Release|Any CPU.ActiveCfg = Release|Any CPU
		{53779C94-A7E9-49CA-849F-60BBA9B8CA4F}.Release|Any CPU.Build.0 = Release|Any CPU
		{53779C94-A7E9-49CA-849F-60BBA9B8CA4F}.Release|iPhone.ActiveCfg = Release|Any CPU
		{53779C94-A7E9-49CA-849F-60BBA9B8CA4F}.Release|iPhone.Build.0 = Release|Any CPU
		{53779C94-A7E9-49CA-849F-60BBA9B8CA4F}.Release|iPhoneSimulator.ActiveCfg = Release|Any CPU
		{53779C94-A7E9-49CA-849F-60BBA9B8CA4F}.Release|iPhoneSimulator.Build.0 = Release|Any CPU
		{A505B0D5-646F-46DA-B190-DBC153BA6FA6}.Debug|Any CPU.ActiveCfg = Debug|Any CPU
		{A505B0D5-646F-46DA-B190-DBC153BA6FA6}.Debug|Any CPU.Build.0 = Debug|Any CPU
		{A505B0D5-646F-46DA-B190-DBC153BA6FA6}.Debug|iPhone.ActiveCfg = Debug|Any CPU
		{A505B0D5-646F-46DA-B190-DBC153BA6FA6}.Debug|iPhone.Build.0 = Debug|Any CPU
		{A505B0D5-646F-46DA-B190-DBC153BA6FA6}.Debug|iPhoneSimulator.ActiveCfg = Debug|Any CPU
		{A505B0D5-646F-46DA-B190-DBC153BA6FA6}.Debug|iPhoneSimulator.Build.0 = Debug|Any CPU
		{A505B0D5-646F-46DA-B190-DBC153BA6FA6}.Release|Any CPU.ActiveCfg = Release|Any CPU
		{A505B0D5-646F-46DA-B190-DBC153BA6FA6}.Release|Any CPU.Build.0 = Release|Any CPU
		{A505B0D5-646F-46DA-B190-DBC153BA6FA6}.Release|iPhone.ActiveCfg = Release|Any CPU
		{A505B0D5-646F-46DA-B190-DBC153BA6FA6}.Release|iPhone.Build.0 = Release|Any CPU
		{A505B0D5-646F-46DA-B190-DBC153BA6FA6}.Release|iPhoneSimulator.ActiveCfg = Release|Any CPU
		{A505B0D5-646F-46DA-B190-DBC153BA6FA6}.Release|iPhoneSimulator.Build.0 = Release|Any CPU
		{502B6C9F-7349-43FE-B825-1867AB5875B6}.Debug|Any CPU.ActiveCfg = Debug|Any CPU
		{502B6C9F-7349-43FE-B825-1867AB5875B6}.Debug|Any CPU.Build.0 = Debug|Any CPU
		{502B6C9F-7349-43FE-B825-1867AB5875B6}.Debug|iPhone.ActiveCfg = Debug|Any CPU
		{502B6C9F-7349-43FE-B825-1867AB5875B6}.Debug|iPhone.Build.0 = Debug|Any CPU
		{502B6C9F-7349-43FE-B825-1867AB5875B6}.Debug|iPhoneSimulator.ActiveCfg = Debug|Any CPU
		{502B6C9F-7349-43FE-B825-1867AB5875B6}.Debug|iPhoneSimulator.Build.0 = Debug|Any CPU
		{502B6C9F-7349-43FE-B825-1867AB5875B6}.Release|Any CPU.ActiveCfg = Release|Any CPU
		{502B6C9F-7349-43FE-B825-1867AB5875B6}.Release|Any CPU.Build.0 = Release|Any CPU
		{502B6C9F-7349-43FE-B825-1867AB5875B6}.Release|iPhone.ActiveCfg = Release|Any CPU
		{502B6C9F-7349-43FE-B825-1867AB5875B6}.Release|iPhone.Build.0 = Release|Any CPU
		{502B6C9F-7349-43FE-B825-1867AB5875B6}.Release|iPhoneSimulator.ActiveCfg = Release|Any CPU
		{502B6C9F-7349-43FE-B825-1867AB5875B6}.Release|iPhoneSimulator.Build.0 = Release|Any CPU
		{0A759509-1D9C-479E-81B7-02B8D5F45924}.Debug|Any CPU.ActiveCfg = Debug|Any CPU
		{0A759509-1D9C-479E-81B7-02B8D5F45924}.Debug|Any CPU.Build.0 = Debug|Any CPU
		{0A759509-1D9C-479E-81B7-02B8D5F45924}.Debug|iPhone.ActiveCfg = Debug|Any CPU
		{0A759509-1D9C-479E-81B7-02B8D5F45924}.Debug|iPhone.Build.0 = Debug|Any CPU
		{0A759509-1D9C-479E-81B7-02B8D5F45924}.Debug|iPhoneSimulator.ActiveCfg = Debug|Any CPU
		{0A759509-1D9C-479E-81B7-02B8D5F45924}.Debug|iPhoneSimulator.Build.0 = Debug|Any CPU
		{0A759509-1D9C-479E-81B7-02B8D5F45924}.Release|Any CPU.ActiveCfg = Release|Any CPU
		{0A759509-1D9C-479E-81B7-02B8D5F45924}.Release|Any CPU.Build.0 = Release|Any CPU
		{0A759509-1D9C-479E-81B7-02B8D5F45924}.Release|iPhone.ActiveCfg = Release|Any CPU
		{0A759509-1D9C-479E-81B7-02B8D5F45924}.Release|iPhone.Build.0 = Release|Any CPU
		{0A759509-1D9C-479E-81B7-02B8D5F45924}.Release|iPhoneSimulator.ActiveCfg = Release|Any CPU
		{0A759509-1D9C-479E-81B7-02B8D5F45924}.Release|iPhoneSimulator.Build.0 = Release|Any CPU
		{CE12A40A-A96B-4352-A6AF-27BB1E456363}.Debug|Any CPU.ActiveCfg = Debug|Any CPU
		{CE12A40A-A96B-4352-A6AF-27BB1E456363}.Debug|Any CPU.Build.0 = Debug|Any CPU
		{CE12A40A-A96B-4352-A6AF-27BB1E456363}.Debug|Any CPU.Deploy.0 = Debug|Any CPU
		{CE12A40A-A96B-4352-A6AF-27BB1E456363}.Debug|iPhone.ActiveCfg = Debug|Any CPU
		{CE12A40A-A96B-4352-A6AF-27BB1E456363}.Debug|iPhone.Build.0 = Debug|Any CPU
		{CE12A40A-A96B-4352-A6AF-27BB1E456363}.Debug|iPhone.Deploy.0 = Debug|Any CPU
		{CE12A40A-A96B-4352-A6AF-27BB1E456363}.Debug|iPhoneSimulator.ActiveCfg = Debug|Any CPU
		{CE12A40A-A96B-4352-A6AF-27BB1E456363}.Debug|iPhoneSimulator.Build.0 = Debug|Any CPU
		{CE12A40A-A96B-4352-A6AF-27BB1E456363}.Debug|iPhoneSimulator.Deploy.0 = Debug|Any CPU
		{CE12A40A-A96B-4352-A6AF-27BB1E456363}.Release|Any CPU.ActiveCfg = Release|Any CPU
		{CE12A40A-A96B-4352-A6AF-27BB1E456363}.Release|Any CPU.Build.0 = Release|Any CPU
		{CE12A40A-A96B-4352-A6AF-27BB1E456363}.Release|Any CPU.Deploy.0 = Release|Any CPU
		{CE12A40A-A96B-4352-A6AF-27BB1E456363}.Release|iPhone.ActiveCfg = Release|Any CPU
		{CE12A40A-A96B-4352-A6AF-27BB1E456363}.Release|iPhone.Build.0 = Release|Any CPU
		{CE12A40A-A96B-4352-A6AF-27BB1E456363}.Release|iPhone.Deploy.0 = Release|Any CPU
		{CE12A40A-A96B-4352-A6AF-27BB1E456363}.Release|iPhoneSimulator.ActiveCfg = Release|Any CPU
		{CE12A40A-A96B-4352-A6AF-27BB1E456363}.Release|iPhoneSimulator.Build.0 = Release|Any CPU
		{CE12A40A-A96B-4352-A6AF-27BB1E456363}.Release|iPhoneSimulator.Deploy.0 = Release|Any CPU
		{BCDB9299-0517-4474-92D7-EC79E616FE9F}.Debug|Any CPU.ActiveCfg = Debug|iPhoneSimulator
		{BCDB9299-0517-4474-92D7-EC79E616FE9F}.Debug|Any CPU.Build.0 = Debug|iPhoneSimulator
		{BCDB9299-0517-4474-92D7-EC79E616FE9F}.Debug|iPhone.ActiveCfg = Debug|iPhone
		{BCDB9299-0517-4474-92D7-EC79E616FE9F}.Debug|iPhone.Build.0 = Debug|iPhone
		{BCDB9299-0517-4474-92D7-EC79E616FE9F}.Debug|iPhoneSimulator.ActiveCfg = Debug|iPhoneSimulator
		{BCDB9299-0517-4474-92D7-EC79E616FE9F}.Debug|iPhoneSimulator.Build.0 = Debug|iPhoneSimulator
		{BCDB9299-0517-4474-92D7-EC79E616FE9F}.Release|Any CPU.ActiveCfg = Release|iPhoneSimulator
		{BCDB9299-0517-4474-92D7-EC79E616FE9F}.Release|Any CPU.Build.0 = Release|iPhoneSimulator
		{BCDB9299-0517-4474-92D7-EC79E616FE9F}.Release|iPhone.ActiveCfg = Release|iPhone
		{BCDB9299-0517-4474-92D7-EC79E616FE9F}.Release|iPhone.Build.0 = Release|iPhone
		{BCDB9299-0517-4474-92D7-EC79E616FE9F}.Release|iPhoneSimulator.ActiveCfg = Release|iPhoneSimulator
		{BCDB9299-0517-4474-92D7-EC79E616FE9F}.Release|iPhoneSimulator.Build.0 = Release|iPhoneSimulator
		{B4031E90-FEAA-4F07-9F35-05114F39ECFF}.Debug|Any CPU.ActiveCfg = Debug|Any CPU
		{B4031E90-FEAA-4F07-9F35-05114F39ECFF}.Debug|Any CPU.Build.0 = Debug|Any CPU
		{B4031E90-FEAA-4F07-9F35-05114F39ECFF}.Debug|iPhone.ActiveCfg = Debug|Any CPU
		{B4031E90-FEAA-4F07-9F35-05114F39ECFF}.Debug|iPhone.Build.0 = Debug|Any CPU
		{B4031E90-FEAA-4F07-9F35-05114F39ECFF}.Debug|iPhoneSimulator.ActiveCfg = Debug|Any CPU
		{B4031E90-FEAA-4F07-9F35-05114F39ECFF}.Debug|iPhoneSimulator.Build.0 = Debug|Any CPU
		{B4031E90-FEAA-4F07-9F35-05114F39ECFF}.Release|Any CPU.ActiveCfg = Release|Any CPU
		{B4031E90-FEAA-4F07-9F35-05114F39ECFF}.Release|Any CPU.Build.0 = Release|Any CPU
		{B4031E90-FEAA-4F07-9F35-05114F39ECFF}.Release|iPhone.ActiveCfg = Release|Any CPU
		{B4031E90-FEAA-4F07-9F35-05114F39ECFF}.Release|iPhone.Build.0 = Release|Any CPU
		{B4031E90-FEAA-4F07-9F35-05114F39ECFF}.Release|iPhoneSimulator.ActiveCfg = Release|Any CPU
		{B4031E90-FEAA-4F07-9F35-05114F39ECFF}.Release|iPhoneSimulator.Build.0 = Release|Any CPU
	EndGlobalSection
	GlobalSection(SolutionProperties) = preSolution
		HideSolutionNode = FALSE
	EndGlobalSection
	GlobalSection(ExtensibilityGlobals) = postSolution
		SolutionGuid = {CB006A21-2FD8-450B-80A7-6824D7289D53}
	EndGlobalSection
EndGlobal
